
Microsoft Visual Studio Solution File, Format Version 12.00
# Visual Studio 15
VisualStudioVersion = 15.0.26403.3
MinimumVisualStudioVersion = 10.0.40219.1
Project("{FAE04EC0-301F-11D3-BF4B-00C04F79EFBC}") = "Age Calculator", "Age Calculator\Age Calculator.csproj", "{C75FB9CB-19BE-420C-98E2-2F0B10B1CA1A}"
EndProject
Project("{FAE04EC0-301F-11D3-BF4B-00C04F79EFBC}") = "Classes", "Classes\Classes.csproj", "{7CABEB16-5A44-4443-A049-FC7373D368EB}"
EndProject
Global
	GlobalSection(SolutionConfigurationPlatforms) = preSolution
		Debug|Any CPU = Debug|Any CPU
		Release|Any CPU = Release|Any CPU
	EndGlobalSection
	GlobalSection(ProjectConfigurationPlatforms) = postSolution
		{C75FB9CB-19BE-420C-98E2-2F0B10B1CA1A}.Debug|Any CPU.ActiveCfg = Debug|Any CPU
		{C75FB9CB-19BE-420C-98E2-2F0B10B1CA1A}.Debug|Any CPU.Build.0 = Debug|Any CPU
		{C75FB9CB-19BE-420C-98E2-2F0B10B1CA1A}.Release|Any CPU.ActiveCfg = Release|Any CPU
		{C75FB9CB-19BE-420C-98E2-2F0B10B1CA1A}.Release|Any CPU.Build.0 = Release|Any CPU
		{7CABEB16-5A44-4443-A049-FC7373D368EB}.Debug|Any CPU.ActiveCfg = Debug|Any CPU
		{7CABEB16-5A44-4443-A049-FC7373D368EB}.Debug|Any CPU.Build.0 = Debug|Any CPU
		{7CABEB16-5A44-4443-A049-FC7373D368EB}.Release|Any CPU.ActiveCfg = Release|Any CPU
		{7CABEB16-5A44-4443-A049-FC7373D368EB}.Release|Any CPU.Build.0 = Release|Any CPU
	EndGlobalSection
	GlobalSection(SolutionProperties) = preSolution
		HideSolutionNode = FALSE
	EndGlobalSection
EndGlobal
